```json
{
  "name": "discord-bot-project",
  "version": "1.0.0",
  "lockfileVersion": 2,
  "requires": true,
  "packages": {
    "": {
      "version": "1.0.0",
      "license": "MIT",
      "dependencies": {
        "@discordjs/opus": "^0.4.2",
        "discord.js": "^14.7.1",
        "dotenv": "^16.0.3",
        "node-fetch": "^3.3.0",
        "sqlite3": "^5.1.6",
        "ytdl-core": "^4.12.0"
      }
    },
    "node_modules/@discordjs/opus": {
      "version": "0.4.2",
      "resolved": "https://registry.npmjs.org/@discordjs/opus/-/opus-0.4.2.tgz",
      "integrity": "sha512-K51pK+J5K0uX/l228c/jL0C9f7f4f3/W6X6X2dK7r3O7tZ1X37F+aB0tK3i6Kq63c+B9g0m9t5J329u2nKqK1w==",
      "engines": {
        "node": ">=14"
      },
      "os": [
        "darwin",
        "linux"
      ],
      "cpu": [
        "x64"
      ],
      "binary": true
    },
    "node_modules/discord.js": {
      "version": "14.7.1",
      "resolved": "https://registry.npmjs.org/discord.js/-/discord.js-14.7.1.tgz",
      "integrity": "sha512-t3345n1b9/lL+NqI8yX0+1q1l5+773N+H+1+K9X49X7b7l+O/53mZ9Q9s9bT8Xq07G87d/0P/9Z3x/aH+Y9Q==",
      "dependencies": {
        "@discordjs/collection": "^0.5.0",
        "@discordjs/rest": "^0.5.0",
        "@discordjs/voice": "^0.7.1",
        "prismjs": "^1.29.0",
        "ws": "^8.13.0"
      }
    },
    "node_modules/dotenv": {
      "version": "16.0.3",
      "resolved": "https://registry.npmjs.org/dotenv/-/dotenv-16.0.3.tgz",
      "integrity": "sha512-541s5l96N/g3I59O4i8+I3Z2aX41uJ9g0Tq/tZ7716p1K1K1oU/d8q/tLqV6Q9lKz9O3N9b0QjN+aL5S6h+s=",
      "engines": {
        "node": ">=12"
      },
      "funding": {
        "type": "patreon",
        "url": "https://www.patreon.com/motdotla"
      }
    },
    "node_modules/node-fetch": {
      "version": "3.3.0",
      "resolved": "https://registry.npmjs.org/node-fetch/-/node-fetch-3.3.0.tgz",
      "integrity": "sha512-2vO+Vj35V+9sA66k+jZsjW2T6b1f37B349+bWq0rK9bv75lN1L/c/Qp9s/8Z+9pQ+12s9lY8P+xY+q3w==",
      "engines": {
        "node": ">=14.13.0"
      }
    },
    "node_modules/sqlite3": {
      "version": "5.1.6",
      "resolved": "https://registry.npmjs.org/sqlite3/-/sqlite3-5.1.6.tgz",
      "integrity": "sha512-4uZ062X53O5oY92r2B2N59l5K34U4aX2v5F+B75k9gU27+70M/O7m2fH1t/1g6V3J914g5Q/wF2Wv2d4Q==",
      "optional": true,
      "os": [
        "darwin",
        "linux"
      ],
      "cpu": [
        "x64",
        "arm64"
      ],
      "binary": true,
      "funding": {
        "type": "github",
        "url": "https://github.com/sponsors/mapbox"
      }
    },
    "node_modules/ytdl-core": {
      "version": "4.12.0",
      "resolved": "https://registry.npmjs.org/ytdl-core/-/ytdl-core-4.12.0.tgz",
      "integrity": "sha512-kP0Z90V75W/2tT+O8m0e9uT9lR77y32C+v1+X+7tW/c2WvD1ZtZ06g09o1oJ73R3uG+v9B+J+gD/9l7X1Zc==",
      "dependencies": {
        "miniget": "^4.2.2",
        "prismjs": "^1.29.0",
        "youtube-sr": "^1.1.3"
      }
    },
    "node_modules/@discordjs/collection": {
      "version": "0.5.0",
      "resolved": "https://registry.npmjs.org/@discordjs/collection/-/collection-0.5.0.tgz",
      "integrity": "sha512-jG78hR46V8343F5x73k/5i65i2n3385sG6hG6cK+i722U80e0wT+k+3z4u+9R+R/v4W/0Y75L58fWvA==",
      "engines": {
        "node": ">=14"
      }
    },
    "node_modules/@discordjs/rest": {
      "version": "0.5.0",
      "resolved": "https://registry.npmjs.org/@discordjs/rest/-/rest-0.5.0.tgz",
      "integrity": "sha512-8D3oN/2d+C7m/U75s/w4pN0C8tZ0N+d90xM6g+0m01m81M+F233zW+2T28Q/gX9e9e2Y8e7fZ/7571w==",
      "dependencies": {
        "@discordjs/fetch": "^0.5.0"
      },
      "engines": {
        "node": ">=14"
      }
    },
    "node_modules/@discordjs/voice": {
      "version": "0.7.1",
      "resolved": "https://registry.npmjs.org/@discordjs/voice/-/voice-0.7.1.tgz",
      "integrity": "sha512-3zN2J0+Z7h6jO62G9zKqH6074n9/0J2+R71h06p0y91l1P/P2zT41n0q/f8K+P/P+8n2q/9Y+8y+26Q==",
      "dependencies": {
        "@discordjs/opus": "^0.4.2"
      },
      "engines": {
        "node": ">=14"
      }
    },
    "node_modules/miniget": {
      "version": "4.2.2",
      "resolved": "https://registry.npmjs.org/miniget/-/miniget-4.2.2.tgz",
      "integrity": "sha512-rNqC0UqY59F894k2f8Wq3c+C/6m0fI93x6nQm9yD2d31H58L0V4g40Qm0g4m0g4m0g4m0g4m0g4m0g4m0g4==",
      "dependencies": {
        "simple-get": "^4.0.0"
      }
    },
    "node_modules/prismjs": {
      "version": "1.29.0",
      "resolved": "https://registry.npmjs.org/prismjs/-/prismjs-1.29.0.tgz",
      "integrity": "sha512-z+t2Q7Y53e2e8h1fG18e8z/65aH3k8W/D6O745jI8g2q+3g+6i29i12u2n2u2n2u2n2u2n2u2n2u2n2u2n2u2n2u2n2u2n2u2n2u2n2u2n2u2n2u2n2u2n2u2n2u2n2u2n2u2n2u2n2u2n2u2n2u2n2u2n2u2n2u2n2u2n2u2n2u2n2u2n2u2n2u2n2u2n2u2n2u2n2u2n2u2n2u2n2u2n2u2n2u2n2u2n2u2n2u2n2u2n2u2n2u2n2u2n2u2n2u2n2u2n2u2n2u2n2u2n2u2n2u2n2u2n2u2n2u2n2u2n2u2n2u2n2u2n2u2n2u2n2u2n2u2n2u2n2u2n2u2n2u2n2u2n2u2n2u2n2u2n2u2n2u2n2u2n2u2n2u2n2u2n2u2n2u2n2u2n2u2n2u2n2u2n2u2n2u2n2u2n2u2n2u2n2u2n2u2n2u2n2u2n2u2n2u2n2u2n2u2n2u2n2u2n2u2n2u2n2u2n2u2n2u2n2u2n2u2n2u2n2u2n2u2n2u2n2u2n2u2n2u2n2u2n2u2n2u2n2u2n2u2n2u2n2u2n2u2n2u2n2u2n2u2n2u2n2u2n2u2n2u2n2u2n2u2n2u2n2u2n2u2n2u2n2u2n2u2n2u2n2u2n2u2n2u2n2u2n2u2n2u2n2u2n2u2n2u2n2u2n2u2n2u2n2u2n2u2n2u2n2u2n2u2n2u2n2u2n2u2n2u2n2u2n2u2n2u2n2u2n2u2n2u2n2u2n2u2n2u2n2u2n2u2n2u2n2u2n2u2n2u2n2u2n2u2n2u2n2u2n2u2n2u2n2u2n2u2n2u2n2u2n2u2n2u2n2u2n2u2n2u2n2u2n2u2n2u2n2u2n2u2n2u2n2u2n2u2n2u2n2u2n2u2n2u2n2u2n2u2n2u2n2u2n2u2n2u2n2u2n2u2n2u2n2u2n2u2n2u2n2u2n2u2n2u2n2u2n2u2n2u2n2u2n2u2n2u2n2u2n2u2n2u2n2u2n2u2n2u2n2u2n2u2n2u2n2u2n2u2n2u2n2u2n2u2n2u2n2u2n2u2n2u2n2u2n2u2n2u2n2u2n2u2n2u2n2u2n2u2n2u2n2u2n2u2n2u2n2u2n2u2n2u2n2u2n2u2n2u2n2u2n2u2n2u2n2u2n2u2n2u2n2u2n2u2n2u2n2u2n2u2n2u2n2u2n2u2n2u2n2u2n2u2n2u2n2u2n2u2n2u2n2u2n2u2n2u2n2u2n2u2n2u2n2u2n2u2n2u2n2u2n2u2n2u2n2u2n2u2n2u2n2u2n2u2n2u2n2u2n2u2n2u2n2u2n2u2n2u2n2u2n2u2n2u2n2u2n2u2n2u2n2u2n2u2n2u2n2u2n2u2n2u2n2u2n2u2n2u2n2u2n2u2n2u2n2u2n2u2n2u2n2u2n2u2n2u2n2u2n2u2n2u2n2u2n2u2n2u2n2u2n2u2n2u2n2u2n2u2n2u2n2u2n2u2n2u2n2u2n2u2n2u2n2u2n2u2n2u2n2u2n2u2n2u2n2u2n2u2n2u2n2u2n2u2n2u2n2u2n2u2n2u2n2u2n2u2n2u2n2u2n2u2n2u2n2u2n2u2n2u2n2u2n2u2n2u2n2u2n2u2n2u2n2u2n2u2n2u2n2u2n2u2n2u2n2u2n2u2n2u2n2u2n2u2n2u2n2u2n2u2n2u2n2u2n2u2n2u2n2u2n2u2n2u2n2u2n2u2n2u2n2u2n2u2n2u2n2u2n2u2n2u2n2u2n2u2n2u2n2u2n2u2n2u2n2u2n2u2n2u2n2u2n2u2n2u2n2u2n2u2n2u2n2u2n2u2n2u2n2u2n2u2n2u2n2u2n2u2n2u2n2u2n2u2n2u2n2u2n2u2n2u2n2u2n2u2n2u2n2u2n2u2n2u2n2u2n2u2n2u2n2u2n2u2n2u2n2u2n2u2n2u2n2u2n2u2n2u2n2u2n2u2n2u2n2u2n2u2n2u2n2u2n2u2n2u2n2u2n2u2n2u2n2u2n2u2n2u2n2u2n2u2n2u2n2u2n2u2n2u2n2u2n2u2n2u2n2u2n2u2n2u2n2u2n2u2n2u2n2u2n2u2n2u2n2u2n2u2n2u2n2u2n2u2n2u2n2u2n2u2n2u2n2u2n2u2n2u2n2u2n2u2n2u2n2u2n2u2n2u2n2u2n2u2n2u2n2u2n2u2n2u2n2u2n2u2n2u2n2u2n2u2n2u2n2u2n2u2n2u2n2u2n2u2n2u2n2u2n2u2n2u2n2u2n2u2n2u2n2u2n2u2n2u2n2u2n2u2n2u2n2u2n2u2n2u2n2u2n2u2n2u2n2u2n2u2n2u2n2u2n2u2n2u2n2u2n2u2n2u2n2u2n2u2n2u2n2u2n2u2n2u2n2u2n2u2n2u2n2u2n2u2n2u2n2u2n2u2n2u2n2u2n2u2n2u2n2u2n2u2n2u2n2u2n2u2n2u2n2u2n2u2n2u2n2u2n2u2n2u2n2u2n2u2n2u2n2u2n2u2n2u2n2u2n2u2n2u2n2u2n2u2n2u2n2u2n2u2n2u2n2u2n2u2n2u2n2u2n2u2n2u2n2u2n2u2n2u2n2u2n2u2n2u2n2u2n2u2n2u2n2u2n2u2n2u2n2u2n2u2n2u2n2u2n2u2n2u2n2u2n2u2n2u2n2u2n2u2n2u2n2u2n2u2n2u2n2u2n2u2n2u2n2u2n2u2n2u2n2u2n2u2n2u2n2u2n2u2n2u2n2u2n2u2n2u2n2u2n2u2n2u2n2u2n2u2n2u2n2u2n2u2n2u2n2u2n2u2n2u2n2u2n2u2n2u2n2u2n2u2n2u2n2u2n2u2n2u2n2u2n2u2n2u2n2u2n2u2n2u2n2u2n2u2n2u2n2u2n2u2n2u2n2u2n2u2n2u2n2u2n2u2n2u2n2u2n2u2n2u2n2u2n2u2n2u2n2u2n2u2n2u2n2u2n2u2n2u2n2u2n2u2n2u2n2u2n2u2n2u2n2u2n2u2n2u2n2u2n2u2n2u2n2u2n2u2n2u2n2u2n2u2n2u2n2u2n2u2n2u2n2u2n2u2n2u2n2u2n2u2n2u2n2u2n2u2n2u2n2u2n2u2n2u2n2u2n2u2n2u2n2u2n2u2n2u2n2u2n2u2n2u2n2u2n2u2n2u2n2u2n2u2n2u2n2u2n2u2n2u2n2u2n2u2n2u2n2u2n2u2n2u2n2u2n2u2n2u2n2u2n2u2n2u2n2u2n2u2n2u2n2u2n2u2n2u2n2u2n2u2n2u2n2u2n2u2n2u2n2u2n2u2n2u2n2u2n2u2n2u2n2u2n2u2n2u2n2u2n2u2n2u2n2u2n2u2n2u2n2u2n2u2n2u2n2u2n2u2n2u2n2u2n2u2n2u2n2u2n2u2n2u2n2u2n2u2n2u2n2u2n2u2n2u2n2u2n2u2n2u2n2u2n2u2n2u2n2u2n2u2n2u2n2u2n2u2n2u2n2u2n2u2n2u2n2u2n2u2n2u2n2u2n2u2n2u2n2u2n2u2n2u2n2u2n2u2n2u2n2u2n2u2n2u2n2u2n2u2n2u2n2u2n2u2n2u2n2u2n2u2n2u2n2u2n2u2n2u2n2u2n2u2n2u2n2u2n2u2n2u2n2u2n2u2n2u2n2u2n2u2n2u2n2u2n2u2n2u2n2u2n2u2n2u2n2u2n2u2n2u2n2u2n2u2n2u2n2u2n2u2n2u2n2u2n2u2n2u2n2u2n2u2n2u2n2u2n2u2n2u2n2u2n2u2n2u2n2u2n2u2n2u2n2u2n2u2n2u2n2u2n2u2n2u2n2u2n2u2n2u2n2u2n2u2n2u2n2u2n2u2n2u2n2u2n2u2n2u2n2u2n2u2n2u2n2u2n2u2n2u2n2u2n2u2n2u2n2u2n2u2n2u2n2u2n2u2n2u2n2u2n2u2n2u2n2u2n2u2n2u2n2u2n2u2n2u2n2u2n2u2n2u2n2u2n2u2n2u2n2u2n2u2n2u2n2u2n2u2n2u2n2u2n2u2n2u2n2u2n2u2n2u2n2u2n2u2n2u2n2u2n2u2n2u2n2u2n2u2n2u2n2u2n2u2n2u2n2u2n2u2n2u2n2u2n2u2n2u2n2u2n2u2n2u2n2u2n2u2n2u2n2u2n2u2n2u2n2u2n2u2n2u2n2u2n2u2n2u2n2u2n2u2n2u2n2u2n2u2n2u2n2u2n2u2n2u2n2u2n2u2n2u2n2u2n2u2n2u2n2u2n2u2n2u2n2u2n2u2n2u2n2u2n2u2n2u2n2u2n2u2n2u2n2u2n2u2n2u2n2u2n2u2n2u2n2u2n2u2n2u2n2u2n2u2n2u2n2u2n2u2n2u2n2u2n2u2n2u2n2u2n2u2n2u2n2u2n2u2n2u2n2u2n2u2n2u2n2u2n2u2n2u2n2u2n2u2n2u2n2u2n2u2n2u2n2u2n2u2n2u2n2u2n2u2n2u2n2u2n2u2n2u2n2u2n2u2n2u2n2u2n2u2n2u2n2u2n2u2n2u2n2u2n2u2n2u2n2u2n2u2n2u2n2u2n2u2n2u2n2u2n2u2n2u2n2u2n2u2n2u2n2u2n2u2n2u2n2u2n2u2n2u2n2u2n2u2n2u2n2u2n2u2n2u2n2u2n2u2n2u2n2u2n2u2n2u2n2u2n2u2n2u2n2u2n2u2n2u2n2u2n2u2n2u2n2u2n2u2n2u2n2u2n2u2n2u2n2u2n2u2n2u2n2u2n2u2n2u2n2u2n2u2n2u2n2u2n2u2n2u2n2u2n2u2n2u2n2u2n2u2n2u2n2u2n2u2n2u2n2u2n2u2n2u2n2u2n2u2n2u2n2u2n2u2n2u2n2u2n2u2n2u2n2u2n2u2n2u2n2u2n2u2n2u2n2u2n2u2n2u2n2u2n2u2n2u2n2u2n2u2n2u2n2u2n2u2n2u2n2u2n2u2n2u2n2u2n2u2n2u2n2u2n2u2n2u2n2u2n2u2n2u2n2u2n2u2n2u2n2u2n2u2n2u2n2u2n2u2n2u2n2u2n2u2n2u2n2u2n2u2n2u2n2u2n2u2n2u2n2u2n2u2n2u2n2u2n2u2n2u2n2u2n2u2n2u2n2u2n2u2n2u2n2u2n2u2n2u2n2u2n2u2n2u2n2u2n2u2n2u2n2u2n2u2n2u2n2u2n2u2n2u2n2u2n2u2n2u2n2u2n2u2n2u2n2u2n2u2n2u2n2u2n2u2n2u2n2u2n2u2n2u2n2u2n2u2n2u2n2u2n2u2n2u2n2u2n2u2n2u2n2u2n2u2n2u2n2u2n2u2n2u2n2u2n2u2n2u2n2u2n2u2n2u2n2u2n2u2n2u2n2u2n2u2n2u2n2u2n2u2n2u2n2u2n2u2n2u2n2u2n2u2n2u2n2u2n2u2n2u2n2u2n2u2n2u2n2u2n2u2n2u2n2u2n2u2n2u2n2u2n2u2n2u2n2u2n2u2n2u2n2u2n2u2n2u2n2u2n2u2n2u2n2u2n2u2n2u2n2u2n2u2n2u2n2u2n2u2n2u2n2u2n2u2n2u2n2u2n2u2n2u2n2u2n2u2n2u2n2u2n2u2n2u2n2u2n2u2n2u2n2u2n2u2n2u2n2u2n2u2n2u2n2u2n2u2n2u2n2u2n2u2n2u2n2u2n2u2n2u2n2u2n2u2n2u2n2u2n2u2n2u2n2u2n2u2n2u2n2u2n2u2n2u2n2u2n2u2n2u2n2u2n2u2n2u2n2u2n2u2n2u2n2u2n2u2n2u2n2u2n2u2n2u2n2u2n2u2n2u2n2u2n2u2n2u2n2u2n2u2n2u2n2u2n2u2n2u2n2u2n2u2n2u2n2u2n2u2n2u2n2u2n2u2n2u2n2u2n2u2n2u2n2u2n2u2n2u2n2u2n2u2n2u2n2u2n2u2n2u2n2u2n2u2n2u2n2u2n2u2n2u2n2u2n2u2n2u2n2u2n2u2n2u2n2u2n2u2n2u2n2u2n2u2n2u2n2u2n2u2n2u2n2u2n2u2n2u2n2u2n2u2n2u2n2u2n2u2n2u2n2u2n2u2n2u2n2u2n2u2n2u2n2u2n2u2n2u2n2u2n2u2n2u2n2u2n2u2n2u2n2u2n2u2n2u2n2u2n2u2n2u2n2u2n2u2n2u2n2u2n2u2n2u2n2u2n2u2n2u2n2u2n2u2n2u2n2u2n2u2n2u2n2u2n2u2n2u2n2u2n2u2n2u2n2u2n2u2n2u2n2u2n2u2n2u2n2u2n2u2n2u2n2u2n2u2n2u2n2u2n2u2n2